
Microsoft Visual Studio Solution File, Format Version 12.00
# Visual Studio 2013
VisualStudioVersion = 12.0.21005.1
MinimumVisualStudioVersion = 10.0.40219.1
Project("{FAE04EC0-301F-11D3-BF4B-00C04F79EFBC}") = "nhanvien_luong", "nhanvien_luong\nhanvien_luong.csproj", "{9750F485-F25D-44B1-8A97-C4D9941487BC}"
EndProject
Project("{FAE04EC0-301F-11D3-BF4B-00C04F79EFBC}") = "MyEntity", "MyEntity\MyEntity.csproj", "{86DC617F-94F0-4A54-B0DC-48B318563D12}"
EndProject
Project("{FAE04EC0-301F-11D3-BF4B-00C04F79EFBC}") = "TinhLuong", "TinhLuong\TinhLuong.csproj", "{B531613E-730D-4ED4-8F62-BEC7CD1FAEAF}"
EndProject
Global
	GlobalSection(SolutionConfigurationPlatforms) = preSolution
		Debug|Any CPU = Debug|Any CPU
		Release|Any CPU = Release|Any CPU
	EndGlobalSection
	GlobalSection(ProjectConfigurationPlatforms) = postSolution
		{9750F485-F25D-44B1-8A97-C4D9941487BC}.Debug|Any CPU.ActiveCfg = Debug|Any CPU
		{9750F485-F25D-44B1-8A97-C4D9941487BC}.Debug|Any CPU.Build.0 = Debug|Any CPU
		{9750F485-F25D-44B1-8A97-C4D9941487BC}.Release|Any CPU.ActiveCfg = Release|Any CPU
		{9750F485-F25D-44B1-8A97-C4D9941487BC}.Release|Any CPU.Build.0 = Release|Any CPU
		{86DC617F-94F0-4A54-B0DC-48B318563D12}.Debug|Any CPU.ActiveCfg = Debug|Any CPU
		{86DC617F-94F0-4A54-B0DC-48B318563D12}.Debug|Any CPU.Build.0 = Debug|Any CPU
		{86DC617F-94F0-4A54-B0DC-48B318563D12}.Release|Any CPU.ActiveCfg = Release|Any CPU
		{86DC617F-94F0-4A54-B0DC-48B318563D12}.Release|Any CPU.Build.0 = Release|Any CPU
		{B531613E-730D-4ED4-8F62-BEC7CD1FAEAF}.Debug|Any CPU.ActiveCfg = Debug|Any CPU
		{B531613E-730D-4ED4-8F62-BEC7CD1FAEAF}.Debug|Any CPU.Build.0 = Debug|Any CPU
		{B531613E-730D-4ED4-8F62-BEC7CD1FAEAF}.Release|Any CPU.ActiveCfg = Release|Any CPU
		{B531613E-730D-4ED4-8F62-BEC7CD1FAEAF}.Release|Any CPU.Build.0 = Release|Any CPU
	EndGlobalSection
	GlobalSection(SolutionProperties) = preSolution
		HideSolutionNode = FALSE
	EndGlobalSection
EndGlobal
